
Microsoft Visual Studio Solution File, Format Version 12.00
# Visual Studio 15
VisualStudioVersion = 15.0.26730.16
MinimumVisualStudioVersion = 10.0.40219.1
Project("{FAE04EC0-301F-11D3-BF4B-00C04F79EFBC}") = "XF.AplicativoFIAP.Android", "XF.AplicativoFIAP\XF.AplicativoFIAP.Android\XF.AplicativoFIAP.Android.csproj", "{4BFB7527-5E8F-4CE0-BD0B-4A82EEDF515F}"
EndProject
Project("{FAE04EC0-301F-11D3-BF4B-00C04F79EFBC}") = "XF.AplicativoFIAP", "XF.AplicativoFIAP\XF.AplicativoFIAP\XF.AplicativoFIAP.csproj", "{1979FB08-B443-4294-9FDD-8FD7077D99AD}"
EndProject
Project("{FAE04EC0-301F-11D3-BF4B-00C04F79EFBC}") = "XF.AplicativoFIAP.UWP", "XF.AplicativoFIAP\XF.AplicativoFIAP.UWP\XF.AplicativoFIAP.UWP.csproj", "{508C1CC4-A279-463D-AC0C-BF0D40387C09}"
EndProject
Project("{FAE04EC0-301F-11D3-BF4B-00C04F79EFBC}") = "XF.AplicativoFIAP.iOS", "XF.AplicativoFIAP\XF.AplicativoFIAP.iOS\XF.AplicativoFIAP.iOS.csproj", "{29A8D7CA-B025-4D75-A0B8-4F27FD1AB3CF}"
EndProject
Global
	GlobalSection(SolutionConfigurationPlatforms) = preSolution
		Ad-Hoc|Any CPU = Ad-Hoc|Any CPU
		Ad-Hoc|ARM = Ad-Hoc|ARM
		Ad-Hoc|iPhone = Ad-Hoc|iPhone
		Ad-Hoc|iPhoneSimulator = Ad-Hoc|iPhoneSimulator
		Ad-Hoc|x64 = Ad-Hoc|x64
		Ad-Hoc|x86 = Ad-Hoc|x86
		AppStore|Any CPU = AppStore|Any CPU
		AppStore|ARM = AppStore|ARM
		AppStore|iPhone = AppStore|iPhone
		AppStore|iPhoneSimulator = AppStore|iPhoneSimulator
		AppStore|x64 = AppStore|x64
		AppStore|x86 = AppStore|x86
		Debug|Any CPU = Debug|Any CPU
		Debug|ARM = Debug|ARM
		Debug|iPhone = Debug|iPhone
		Debug|iPhoneSimulator = Debug|iPhoneSimulator
		Debug|x64 = Debug|x64
		Debug|x86 = Debug|x86
		Release|Any CPU = Release|Any CPU
		Release|ARM = Release|ARM
		Release|iPhone = Release|iPhone
		Release|iPhoneSimulator = Release|iPhoneSimulator
		Release|x64 = Release|x64
		Release|x86 = Release|x86
	EndGlobalSection
	GlobalSection(ProjectConfigurationPlatforms) = postSolution
		{4BFB7527-5E8F-4CE0-BD0B-4A82EEDF515F}.Ad-Hoc|Any CPU.ActiveCfg = Release|Any CPU
		{4BFB7527-5E8F-4CE0-BD0B-4A82EEDF515F}.Ad-Hoc|Any CPU.Build.0 = Release|Any CPU
		{4BFB7527-5E8F-4CE0-BD0B-4A82EEDF515F}.Ad-Hoc|Any CPU.Deploy.0 = Release|Any CPU
		{4BFB7527-5E8F-4CE0-BD0B-4A82EEDF515F}.Ad-Hoc|ARM.ActiveCfg = Release|Any CPU
		{4BFB7527-5E8F-4CE0-BD0B-4A82EEDF515F}.Ad-Hoc|ARM.Build.0 = Release|Any CPU
		{4BFB7527-5E8F-4CE0-BD0B-4A82EEDF515F}.Ad-Hoc|ARM.Deploy.0 = Release|Any CPU
		{4BFB7527-5E8F-4CE0-BD0B-4A82EEDF515F}.Ad-Hoc|iPhone.ActiveCfg = Release|Any CPU
		{4BFB7527-5E8F-4CE0-BD0B-4A82EEDF515F}.Ad-Hoc|iPhone.Build.0 = Release|Any CPU
		{4BFB7527-5E8F-4CE0-BD0B-4A82EEDF515F}.Ad-Hoc|iPhone.Deploy.0 = Release|Any CPU
		{4BFB7527-5E8F-4CE0-BD0B-4A82EEDF515F}.Ad-Hoc|iPhoneSimulator.ActiveCfg = Release|Any CPU
		{4BFB7527-5E8F-4CE0-BD0B-4A82EEDF515F}.Ad-Hoc|iPhoneSimulator.Build.0 = Release|Any CPU
		{4BFB7527-5E8F-4CE0-BD0B-4A82EEDF515F}.Ad-Hoc|iPhoneSimulator.Deploy.0 = Release|Any CPU
		{4BFB7527-5E8F-4CE0-BD0B-4A82EEDF515F}.Ad-Hoc|x64.ActiveCfg = Release|Any CPU
		{4BFB7527-5E8F-4CE0-BD0B-4A82EEDF515F}.Ad-Hoc|x64.Build.0 = Release|Any CPU
		{4BFB7527-5E8F-4CE0-BD0B-4A82EEDF515F}.Ad-Hoc|x64.Deploy.0 = Release|Any CPU
		{4BFB7527-5E8F-4CE0-BD0B-4A82EEDF515F}.Ad-Hoc|x86.ActiveCfg = Release|Any CPU
		{4BFB7527-5E8F-4CE0-BD0B-4A82EEDF515F}.Ad-Hoc|x86.Build.0 = Release|Any CPU
		{4BFB7527-5E8F-4CE0-BD0B-4A82EEDF515F}.Ad-Hoc|x86.Deploy.0 = Release|Any CPU
		{4BFB7527-5E8F-4CE0-BD0B-4A82EEDF515F}.AppStore|Any CPU.ActiveCfg = Release|Any CPU
		{4BFB7527-5E8F-4CE0-BD0B-4A82EEDF515F}.AppStore|Any CPU.Build.0 = Release|Any CPU
		{4BFB7527-5E8F-4CE0-BD0B-4A82EEDF515F}.AppStore|Any CPU.Deploy.0 = Release|Any CPU
		{4BFB7527-5E8F-4CE0-BD0B-4A82EEDF515F}.AppStore|ARM.ActiveCfg = Release|Any CPU
		{4BFB7527-5E8F-4CE0-BD0B-4A82EEDF515F}.AppStore|ARM.Build.0 = Release|Any CPU
		{4BFB7527-5E8F-4CE0-BD0B-4A82EEDF515F}.AppStore|ARM.Deploy.0 = Release|Any CPU
		{4BFB7527-5E8F-4CE0-BD0B-4A82EEDF515F}.AppStore|iPhone.ActiveCfg = Release|Any CPU
		{4BFB7527-5E8F-4CE0-BD0B-4A82EEDF515F}.AppStore|iPhone.Build.0 = Release|Any CPU
		{4BFB7527-5E8F-4CE0-BD0B-4A82EEDF515F}.AppStore|iPhone.Deploy.0 = Release|Any CPU
		{4BFB7527-5E8F-4CE0-BD0B-4A82EEDF515F}.AppStore|iPhoneSimulator.ActiveCfg = Release|Any CPU
		{4BFB7527-5E8F-4CE0-BD0B-4A82EEDF515F}.AppStore|iPhoneSimulator.Build.0 = Release|Any CPU
		{4BFB7527-5E8F-4CE0-BD0B-4A82EEDF515F}.AppStore|iPhoneSimulator.Deploy.0 = Release|Any CPU
		{4BFB7527-5E8F-4CE0-BD0B-4A82EEDF515F}.AppStore|x64.ActiveCfg = Release|Any CPU
		{4BFB7527-5E8F-4CE0-BD0B-4A82EEDF515F}.AppStore|x64.Build.0 = Release|Any CPU
		{4BFB7527-5E8F-4CE0-BD0B-4A82EEDF515F}.AppStore|x64.Deploy.0 = Release|Any CPU
		{4BFB7527-5E8F-4CE0-BD0B-4A82EEDF515F}.AppStore|x86.ActiveCfg = Release|Any CPU
		{4BFB7527-5E8F-4CE0-BD0B-4A82EEDF515F}.AppStore|x86.Build.0 = Release|Any CPU
		{4BFB7527-5E8F-4CE0-BD0B-4A82EEDF515F}.AppStore|x86.Deploy.0 = Release|Any CPU
		{4BFB7527-5E8F-4CE0-BD0B-4A82EEDF515F}.Debug|Any CPU.ActiveCfg = Debug|Any CPU
		{4BFB7527-5E8F-4CE0-BD0B-4A82EEDF515F}.Debug|Any CPU.Build.0 = Debug|Any CPU
		{4BFB7527-5E8F-4CE0-BD0B-4A82EEDF515F}.Debug|Any CPU.Deploy.0 = Debug|Any CPU
		{4BFB7527-5E8F-4CE0-BD0B-4A82EEDF515F}.Debug|ARM.ActiveCfg = Debug|Any CPU
		{4BFB7527-5E8F-4CE0-BD0B-4A82EEDF515F}.Debug|ARM.Build.0 = Debug|Any CPU
		{4BFB7527-5E8F-4CE0-BD0B-4A82EEDF515F}.Debug|ARM.Deploy.0 = Debug|Any CPU
		{4BFB7527-5E8F-4CE0-BD0B-4A82EEDF515F}.Debug|iPhone.ActiveCfg = Debug|Any CPU
		{4BFB7527-5E8F-4CE0-BD0B-4A82EEDF515F}.Debug|iPhone.Build.0 = Debug|Any CPU
		{4BFB7527-5E8F-4CE0-BD0B-4A82EEDF515F}.Debug|iPhone.Deploy.0 = Debug|Any CPU
		{4BFB7527-5E8F-4CE0-BD0B-4A82EEDF515F}.Debug|iPhoneSimulator.ActiveCfg = Debug|Any CPU
		{4BFB7527-5E8F-4CE0-BD0B-4A82EEDF515F}.Debug|iPhoneSimulator.Build.0 = Debug|Any CPU
		{4BFB7527-5E8F-4CE0-BD0B-4A82EEDF515F}.Debug|iPhoneSimulator.Deploy.0 = Debug|Any CPU
		{4BFB7527-5E8F-4CE0-BD0B-4A82EEDF515F}.Debug|x64.ActiveCfg = Debug|Any CPU
		{4BFB7527-5E8F-4CE0-BD0B-4A82EEDF515F}.Debug|x64.Build.0 = Debug|Any CPU
		{4BFB7527-5E8F-4CE0-BD0B-4A82EEDF515F}.Debug|x64.Deploy.0 = Debug|Any CPU
		{4BFB7527-5E8F-4CE0-BD0B-4A82EEDF515F}.Debug|x86.ActiveCfg = Debug|Any CPU
		{4BFB7527-5E8F-4CE0-BD0B-4A82EEDF515F}.Debug|x86.Build.0 = Debug|Any CPU
		{4BFB7527-5E8F-4CE0-BD0B-4A82EEDF515F}.Debug|x86.Deploy.0 = Debug|Any CPU
		{4BFB7527-5E8F-4CE0-BD0B-4A82EEDF515F}.Release|Any CPU.ActiveCfg = Release|Any CPU
		{4BFB7527-5E8F-4CE0-BD0B-4A82EEDF515F}.Release|Any CPU.Build.0 = Release|Any CPU
		{4BFB7527-5E8F-4CE0-BD0B-4A82EEDF515F}.Release|Any CPU.Deploy.0 = Release|Any CPU
		{4BFB7527-5E8F-4CE0-BD0B-4A82EEDF515F}.Release|ARM.ActiveCfg = Release|Any CPU
		{4BFB7527-5E8F-4CE0-BD0B-4A82EEDF515F}.Release|ARM.Build.0 = Release|Any CPU
		{4BFB7527-5E8F-4CE0-BD0B-4A82EEDF515F}.Release|ARM.Deploy.0 = Release|Any CPU
		{4BFB7527-5E8F-4CE0-BD0B-4A82EEDF515F}.Release|iPhone.ActiveCfg = Release|Any CPU
		{4BFB7527-5E8F-4CE0-BD0B-4A82EEDF515F}.Release|iPhone.Build.0 = Release|Any CPU
		{4BFB7527-5E8F-4CE0-BD0B-4A82EEDF515F}.Release|iPhone.Deploy.0 = Release|Any CPU
		{4BFB7527-5E8F-4CE0-BD0B-4A82EEDF515F}.Release|iPhoneSimulator.ActiveCfg = Release|Any CPU
		{4BFB7527-5E8F-4CE0-BD0B-4A82EEDF515F}.Release|iPhoneSimulator.Build.0 = Release|Any CPU
		{4BFB7527-5E8F-4CE0-BD0B-4A82EEDF515F}.Release|iPhoneSimulator.Deploy.0 = Release|Any CPU
		{4BFB7527-5E8F-4CE0-BD0B-4A82EEDF515F}.Release|x64.ActiveCfg = Release|Any CPU
		{4BFB7527-5E8F-4CE0-BD0B-4A82EEDF515F}.Release|x64.Build.0 = Release|Any CPU
		{4BFB7527-5E8F-4CE0-BD0B-4A82EEDF515F}.Release|x64.Deploy.0 = Release|Any CPU
		{4BFB7527-5E8F-4CE0-BD0B-4A82EEDF515F}.Release|x86.ActiveCfg = Release|Any CPU
		{4BFB7527-5E8F-4CE0-BD0B-4A82EEDF515F}.Release|x86.Build.0 = Release|Any CPU
		{4BFB7527-5E8F-4CE0-BD0B-4A82EEDF515F}.Release|x86.Deploy.0 = Release|Any CPU
		{1979FB08-B443-4294-9FDD-8FD7077D99AD}.Ad-Hoc|Any CPU.ActiveCfg = Release|Any CPU
		{1979FB08-B443-4294-9FDD-8FD7077D99AD}.Ad-Hoc|Any CPU.Build.0 = Release|Any CPU
		{1979FB08-B443-4294-9FDD-8FD7077D99AD}.Ad-Hoc|ARM.ActiveCfg = Release|Any CPU
		{1979FB08-B443-4294-9FDD-8FD7077D99AD}.Ad-Hoc|ARM.Build.0 = Release|Any CPU
		{1979FB08-B443-4294-9FDD-8FD7077D99AD}.Ad-Hoc|iPhone.ActiveCfg = Release|Any CPU
		{1979FB08-B443-4294-9FDD-8FD7077D99AD}.Ad-Hoc|iPhone.Build.0 = Release|Any CPU
		{1979FB08-B443-4294-9FDD-8FD7077D99AD}.Ad-Hoc|iPhoneSimulator.ActiveCfg = Release|Any CPU
		{1979FB08-B443-4294-9FDD-8FD7077D99AD}.Ad-Hoc|iPhoneSimulator.Build.0 = Release|Any CPU
		{1979FB08-B443-4294-9FDD-8FD7077D99AD}.Ad-Hoc|x64.ActiveCfg = Release|Any CPU
		{1979FB08-B443-4294-9FDD-8FD7077D99AD}.Ad-Hoc|x64.Build.0 = Release|Any CPU
		{1979FB08-B443-4294-9FDD-8FD7077D99AD}.Ad-Hoc|x86.ActiveCfg = Release|Any CPU
		{1979FB08-B443-4294-9FDD-8FD7077D99AD}.Ad-Hoc|x86.Build.0 = Release|Any CPU
		{1979FB08-B443-4294-9FDD-8FD7077D99AD}.AppStore|Any CPU.ActiveCfg = Release|Any CPU
		{1979FB08-B443-4294-9FDD-8FD7077D99AD}.AppStore|Any CPU.Build.0 = Release|Any CPU
		{1979FB08-B443-4294-9FDD-8FD7077D99AD}.AppStore|ARM.ActiveCfg = Release|Any CPU
		{1979FB08-B443-4294-9FDD-8FD7077D99AD}.AppStore|ARM.Build.0 = Release|Any CPU
		{1979FB08-B443-4294-9FDD-8FD7077D99AD}.AppStore|iPhone.ActiveCfg = Release|Any CPU
		{1979FB08-B443-4294-9FDD-8FD7077D99AD}.AppStore|iPhone.Build.0 = Release|Any CPU
		{1979FB08-B443-4294-9FDD-8FD7077D99AD}.AppStore|iPhoneSimulator.ActiveCfg = Release|Any CPU
		{1979FB08-B443-4294-9FDD-8FD7077D99AD}.AppStore|iPhoneSimulator.Build.0 = Release|Any CPU
		{1979FB08-B443-4294-9FDD-8FD7077D99AD}.AppStore|x64.ActiveCfg = Release|Any CPU
		{1979FB08-B443-4294-9FDD-8FD7077D99AD}.AppStore|x64.Build.0 = Release|Any CPU
		{1979FB08-B443-4294-9FDD-8FD7077D99AD}.AppStore|x86.ActiveCfg = Release|Any CPU
		{1979FB08-B443-4294-9FDD-8FD7077D99AD}.AppStore|x86.Build.0 = Release|Any CPU
		{1979FB08-B443-4294-9FDD-8FD7077D99AD}.Debug|Any CPU.ActiveCfg = Debug|Any CPU
		{1979FB08-B443-4294-9FDD-8FD7077D99AD}.Debug|Any CPU.Build.0 = Debug|Any CPU
		{1979FB08-B443-4294-9FDD-8FD7077D99AD}.Debug|ARM.ActiveCfg = Debug|Any CPU
		{1979FB08-B443-4294-9FDD-8FD7077D99AD}.Debug|ARM.Build.0 = Debug|Any CPU
		{1979FB08-B443-4294-9FDD-8FD7077D99AD}.Debug|iPhone.ActiveCfg = Debug|Any CPU
		{1979FB08-B443-4294-9FDD-8FD7077D99AD}.Debug|iPhone.Build.0 = Debug|Any CPU
		{1979FB08-B443-4294-9FDD-8FD7077D99AD}.Debug|iPhoneSimulator.ActiveCfg = Debug|Any CPU
		{1979FB08-B443-4294-9FDD-8FD7077D99AD}.Debug|iPhoneSimulator.Build.0 = Debug|Any CPU
		{1979FB08-B443-4294-9FDD-8FD7077D99AD}.Debug|x64.ActiveCfg = Debug|Any CPU
		{1979FB08-B443-4294-9FDD-8FD7077D99AD}.Debug|x64.Build.0 = Debug|Any CPU
		{1979FB08-B443-4294-9FDD-8FD7077D99AD}.Debug|x86.ActiveCfg = Debug|Any CPU
		{1979FB08-B443-4294-9FDD-8FD7077D99AD}.Debug|x86.Build.0 = Debug|Any CPU
		{1979FB08-B443-4294-9FDD-8FD7077D99AD}.Release|Any CPU.ActiveCfg = Release|Any CPU
		{1979FB08-B443-4294-9FDD-8FD7077D99AD}.Release|Any CPU.Build.0 = Release|Any CPU
		{1979FB08-B443-4294-9FDD-8FD7077D99AD}.Release|ARM.ActiveCfg = Release|Any CPU
		{1979FB08-B443-4294-9FDD-8FD7077D99AD}.Release|ARM.Build.0 = Release|Any CPU
		{1979FB08-B443-4294-9FDD-8FD7077D99AD}.Release|iPhone.ActiveCfg = Release|Any CPU
		{1979FB08-B443-4294-9FDD-8FD7077D99AD}.Release|iPhone.Build.0 = Release|Any CPU
		{1979FB08-B443-4294-9FDD-8FD7077D99AD}.Release|iPhoneSimulator.ActiveCfg = Release|Any CPU
		{1979FB08-B443-4294-9FDD-8FD7077D99AD}.Release|iPhoneSimulator.Build.0 = Release|Any CPU
		{1979FB08-B443-4294-9FDD-8FD7077D99AD}.Release|x64.ActiveCfg = Release|Any CPU
		{1979FB08-B443-4294-9FDD-8FD7077D99AD}.Release|x64.Build.0 = Release|Any CPU
		{1979FB08-B443-4294-9FDD-8FD7077D99AD}.Release|x86.ActiveCfg = Release|Any CPU
		{1979FB08-B443-4294-9FDD-8FD7077D99AD}.Release|x86.Build.0 = Release|Any CPU
		{508C1CC4-A279-463D-AC0C-BF0D40387C09}.Ad-Hoc|Any CPU.ActiveCfg = Release|x86
		{508C1CC4-A279-463D-AC0C-BF0D40387C09}.Ad-Hoc|Any CPU.Build.0 = Release|x86
		{508C1CC4-A279-463D-AC0C-BF0D40387C09}.Ad-Hoc|Any CPU.Deploy.0 = Release|x86
		{508C1CC4-A279-463D-AC0C-BF0D40387C09}.Ad-Hoc|ARM.ActiveCfg = Release|ARM
		{508C1CC4-A279-463D-AC0C-BF0D40387C09}.Ad-Hoc|ARM.Build.0 = Release|ARM
		{508C1CC4-A279-463D-AC0C-BF0D40387C09}.Ad-Hoc|ARM.Deploy.0 = Release|ARM
		{508C1CC4-A279-463D-AC0C-BF0D40387C09}.Ad-Hoc|iPhone.ActiveCfg = Release|x86
		{508C1CC4-A279-463D-AC0C-BF0D40387C09}.Ad-Hoc|iPhone.Build.0 = Release|x86
		{508C1CC4-A279-463D-AC0C-BF0D40387C09}.Ad-Hoc|iPhone.Deploy.0 = Release|x86
		{508C1CC4-A279-463D-AC0C-BF0D40387C09}.Ad-Hoc|iPhoneSimulator.ActiveCfg = Release|x86
		{508C1CC4-A279-463D-AC0C-BF0D40387C09}.Ad-Hoc|iPhoneSimulator.Build.0 = Release|x86
		{508C1CC4-A279-463D-AC0C-BF0D40387C09}.Ad-Hoc|iPhoneSimulator.Deploy.0 = Release|x86
		{508C1CC4-A279-463D-AC0C-BF0D40387C09}.Ad-Hoc|x64.ActiveCfg = Release|x64
		{508C1CC4-A279-463D-AC0C-BF0D40387C09}.Ad-Hoc|x64.Build.0 = Release|x64
		{508C1CC4-A279-463D-AC0C-BF0D40387C09}.Ad-Hoc|x64.Deploy.0 = Release|x64
		{508C1CC4-A279-463D-AC0C-BF0D40387C09}.Ad-Hoc|x86.ActiveCfg = Release|x86
		{508C1CC4-A279-463D-AC0C-BF0D40387C09}.Ad-Hoc|x86.Build.0 = Release|x86
		{508C1CC4-A279-463D-AC0C-BF0D40387C09}.Ad-Hoc|x86.Deploy.0 = Release|x86
		{508C1CC4-A279-463D-AC0C-BF0D40387C09}.AppStore|Any CPU.ActiveCfg = Release|x86
		{508C1CC4-A279-463D-AC0C-BF0D40387C09}.AppStore|Any CPU.Build.0 = Release|x86
		{508C1CC4-A279-463D-AC0C-BF0D40387C09}.AppStore|Any CPU.Deploy.0 = Release|x86
		{508C1CC4-A279-463D-AC0C-BF0D40387C09}.AppStore|ARM.ActiveCfg = Release|ARM
		{508C1CC4-A279-463D-AC0C-BF0D40387C09}.AppStore|ARM.Build.0 = Release|ARM
		{508C1CC4-A279-463D-AC0C-BF0D40387C09}.AppStore|ARM.Deploy.0 = Release|ARM
		{508C1CC4-A279-463D-AC0C-BF0D40387C09}.AppStore|iPhone.ActiveCfg = Release|x86
		{508C1CC4-A279-463D-AC0C-BF0D40387C09}.AppStore|iPhone.Build.0 = Release|x86
		{508C1CC4-A279-463D-AC0C-BF0D40387C09}.AppStore|iPhone.Deploy.0 = Release|x86
		{508C1CC4-A279-463D-AC0C-BF0D40387C09}.AppStore|iPhoneSimulator.ActiveCfg = Release|x86
		{508C1CC4-A279-463D-AC0C-BF0D40387C09}.AppStore|iPhoneSimulator.Build.0 = Release|x86
		{508C1CC4-A279-463D-AC0C-BF0D40387C09}.AppStore|iPhoneSimulator.Deploy.0 = Release|x86
		{508C1CC4-A279-463D-AC0C-BF0D40387C09}.AppStore|x64.ActiveCfg = Release|x64
		{508C1CC4-A279-463D-AC0C-BF0D40387C09}.AppStore|x64.Build.0 = Release|x64
		{508C1CC4-A279-463D-AC0C-BF0D40387C09}.AppStore|x64.Deploy.0 = Release|x64
		{508C1CC4-A279-463D-AC0C-BF0D40387C09}.AppStore|x86.ActiveCfg = Release|x86
		{508C1CC4-A279-463D-AC0C-BF0D40387C09}.AppStore|x86.Build.0 = Release|x86
		{508C1CC4-A279-463D-AC0C-BF0D40387C09}.AppStore|x86.Deploy.0 = Release|x86
		{508C1CC4-A279-463D-AC0C-BF0D40387C09}.Debug|Any CPU.ActiveCfg = Debug|x86
		{508C1CC4-A279-463D-AC0C-BF0D40387C09}.Debug|ARM.ActiveCfg = Debug|ARM
		{508C1CC4-A279-463D-AC0C-BF0D40387C09}.Debug|ARM.Build.0 = Debug|ARM
		{508C1CC4-A279-463D-AC0C-BF0D40387C09}.Debug|ARM.Deploy.0 = Debug|ARM
		{508C1CC4-A279-463D-AC0C-BF0D40387C09}.Debug|iPhone.ActiveCfg = Debug|x86
		{508C1CC4-A279-463D-AC0C-BF0D40387C09}.Debug|iPhoneSimulator.ActiveCfg = Debug|x86
		{508C1CC4-A279-463D-AC0C-BF0D40387C09}.Debug|x64.ActiveCfg = Debug|x64
		{508C1CC4-A279-463D-AC0C-BF0D40387C09}.Debug|x64.Build.0 = Debug|x64
		{508C1CC4-A279-463D-AC0C-BF0D40387C09}.Debug|x64.Deploy.0 = Debug|x64
		{508C1CC4-A279-463D-AC0C-BF0D40387C09}.Debug|x86.ActiveCfg = Debug|x86
		{508C1CC4-A279-463D-AC0C-BF0D40387C09}.Debug|x86.Build.0 = Debug|x86
		{508C1CC4-A279-463D-AC0C-BF0D40387C09}.Debug|x86.Deploy.0 = Debug|x86
		{508C1CC4-A279-463D-AC0C-BF0D40387C09}.Release|Any CPU.ActiveCfg = Release|x86
		{508C1CC4-A279-463D-AC0C-BF0D40387C09}.Release|ARM.ActiveCfg = Release|ARM
		{508C1CC4-A279-463D-AC0C-BF0D40387C09}.Release|ARM.Build.0 = Release|ARM
		{508C1CC4-A279-463D-AC0C-BF0D40387C09}.Release|ARM.Deploy.0 = Release|ARM
		{508C1CC4-A279-463D-AC0C-BF0D40387C09}.Release|iPhone.ActiveCfg = Release|x86
		{508C1CC4-A279-463D-AC0C-BF0D40387C09}.Release|iPhoneSimulator.ActiveCfg = Release|x86
		{508C1CC4-A279-463D-AC0C-BF0D40387C09}.Release|x64.ActiveCfg = Release|x64
		{508C1CC4-A279-463D-AC0C-BF0D40387C09}.Release|x64.Build.0 = Release|x64
		{508C1CC4-A279-463D-AC0C-BF0D40387C09}.Release|x64.Deploy.0 = Release|x64
		{508C1CC4-A279-463D-AC0C-BF0D40387C09}.Release|x86.ActiveCfg = Release|x86
		{508C1CC4-A279-463D-AC0C-BF0D40387C09}.Release|x86.Build.0 = Release|x86
		{508C1CC4-A279-463D-AC0C-BF0D40387C09}.Release|x86.Deploy.0 = Release|x86
		{29A8D7CA-B025-4D75-A0B8-4F27FD1AB3CF}.Ad-Hoc|Any CPU.ActiveCfg = Ad-Hoc|iPhone
		{29A8D7CA-B025-4D75-A0B8-4F27FD1AB3CF}.Ad-Hoc|ARM.ActiveCfg = Ad-Hoc|iPhone
		{29A8D7CA-B025-4D75-A0B8-4F27FD1AB3CF}.Ad-Hoc|iPhone.ActiveCfg = Ad-Hoc|iPhone
		{29A8D7CA-B025-4D75-A0B8-4F27FD1AB3CF}.Ad-Hoc|iPhone.Build.0 = Ad-Hoc|iPhone
		{29A8D7CA-B025-4D75-A0B8-4F27FD1AB3CF}.Ad-Hoc|iPhoneSimulator.ActiveCfg = Ad-Hoc|iPhoneSimulator
		{29A8D7CA-B025-4D75-A0B8-4F27FD1AB3CF}.Ad-Hoc|iPhoneSimulator.Build.0 = Ad-Hoc|iPhoneSimulator
		{29A8D7CA-B025-4D75-A0B8-4F27FD1AB3CF}.Ad-Hoc|x64.ActiveCfg = Ad-Hoc|iPhone
		{29A8D7CA-B025-4D75-A0B8-4F27FD1AB3CF}.Ad-Hoc|x86.ActiveCfg = Ad-Hoc|iPhone
		{29A8D7CA-B025-4D75-A0B8-4F27FD1AB3CF}.AppStore|Any CPU.ActiveCfg = AppStore|iPhone
		{29A8D7CA-B025-4D75-A0B8-4F27FD1AB3CF}.AppStore|ARM.ActiveCfg = AppStore|iPhone
		{29A8D7CA-B025-4D75-A0B8-4F27FD1AB3CF}.AppStore|iPhone.ActiveCfg = AppStore|iPhone
		{29A8D7CA-B025-4D75-A0B8-4F27FD1AB3CF}.AppStore|iPhone.Build.0 = AppStore|iPhone
		{29A8D7CA-B025-4D75-A0B8-4F27FD1AB3CF}.AppStore|iPhoneSimulator.ActiveCfg = AppStore|iPhoneSimulator
		{29A8D7CA-B025-4D75-A0B8-4F27FD1AB3CF}.AppStore|iPhoneSimulator.Build.0 = AppStore|iPhoneSimulator
		{29A8D7CA-B025-4D75-A0B8-4F27FD1AB3CF}.AppStore|x64.ActiveCfg = AppStore|iPhone
		{29A8D7CA-B025-4D75-A0B8-4F27FD1AB3CF}.AppStore|x86.ActiveCfg = AppStore|iPhone
		{29A8D7CA-B025-4D75-A0B8-4F27FD1AB3CF}.Debug|Any CPU.ActiveCfg = Debug|iPhone
		{29A8D7CA-B025-4D75-A0B8-4F27FD1AB3CF}.Debug|ARM.ActiveCfg = Debug|iPhone
		{29A8D7CA-B025-4D75-A0B8-4F27FD1AB3CF}.Debug|iPhone.ActiveCfg = Debug|iPhone
		{29A8D7CA-B025-4D75-A0B8-4F27FD1AB3CF}.Debug|iPhone.Build.0 = Debug|iPhone
		{29A8D7CA-B025-4D75-A0B8-4F27FD1AB3CF}.Debug|iPhoneSimulator.ActiveCfg = Debug|iPhoneSimulator
		{29A8D7CA-B025-4D75-A0B8-4F27FD1AB3CF}.Debug|iPhoneSimulator.Build.0 = Debug|iPhoneSimulator
		{29A8D7CA-B025-4D75-A0B8-4F27FD1AB3CF}.Debug|x64.ActiveCfg = Debug|iPhone
		{29A8D7CA-B025-4D75-A0B8-4F27FD1AB3CF}.Debug|x86.ActiveCfg = Debug|iPhone
		{29A8D7CA-B025-4D75-A0B8-4F27FD1AB3CF}.Release|Any CPU.ActiveCfg = Release|iPhone
		{29A8D7CA-B025-4D75-A0B8-4F27FD1AB3CF}.Release|ARM.ActiveCfg = Release|iPhone
		{29A8D7CA-B025-4D75-A0B8-4F27FD1AB3CF}.Release|iPhone.ActiveCfg = Release|iPhone
		{29A8D7CA-B025-4D75-A0B8-4F27FD1AB3CF}.Release|iPhone.Build.0 = Release|iPhone
		{29A8D7CA-B025-4D75-A0B8-4F27FD1AB3CF}.Release|iPhoneSimulator.ActiveCfg = Release|iPhoneSimulator
		{29A8D7CA-B025-4D75-A0B8-4F27FD1AB3CF}.Release|iPhoneSimulator.Build.0 = Release|iPhoneSimulator
		{29A8D7CA-B025-4D75-A0B8-4F27FD1AB3CF}.Release|x64.ActiveCfg = Release|iPhone
		{29A8D7CA-B025-4D75-A0B8-4F27FD1AB3CF}.Release|x86.ActiveCfg = Release|iPhone
	EndGlobalSection
	GlobalSection(SolutionProperties) = preSolution
		HideSolutionNode = FALSE
	EndGlobalSection
	GlobalSection(ExtensibilityGlobals) = postSolution
		SolutionGuid = {0091C20E-F9AA-4051-960B-95EB117ABC39}
	EndGlobalSection
EndGlobal
